
Microsoft Visual Studio Solution File, Format Version 12.00
# Visual Studio Version 17
VisualStudioVersion = 17.5.2.0
MinimumVisualStudioVersion = 10.0.40219.1
Project("{FAE04EC0-301F-11D3-BF4B-00C04F79EFBC}") = "GamesList", "src\GamesList\GamesList.csproj", "{00025824-2837-EC06-6D62-1ABAD88737C9}"
EndProject
Project("{2150E333-8FDC-42A3-9474-1A3956D46DE8}") = "tests", "tests", "{0AB3BF05-4346-4AA6-1389-037BE0695223}"
EndProject
Project("{FAE04EC0-301F-11D3-BF4B-00C04F79EFBC}") = "GamesList.Tests", "tests\GamesList.Tests\GamesList.Tests.csproj", "{5AF7AE17-723C-4346-A4DE-D5C8FC2A2CFC}"
EndProject
Global
	GlobalSection(SolutionConfigurationPlatforms) = preSolution
		Debug|Any CPU = Debug|Any CPU
		Debug|x64 = Debug|x64
		Debug|x86 = Debug|x86
		Release|Any CPU = Release|Any CPU
		Release|x64 = Release|x64
		Release|x86 = Release|x86
	EndGlobalSection
	GlobalSection(ProjectConfigurationPlatforms) = postSolution
		{00025824-2837-EC06-6D62-1ABAD88737C9}.Debug|Any CPU.ActiveCfg = Debug|Any CPU
		{00025824-2837-EC06-6D62-1ABAD88737C9}.Debug|Any CPU.Build.0 = Debug|Any CPU
		{00025824-2837-EC06-6D62-1ABAD88737C9}.Debug|x64.ActiveCfg = Debug|Any CPU
		{00025824-2837-EC06-6D62-1ABAD88737C9}.Debug|x64.Build.0 = Debug|Any CPU
		{00025824-2837-EC06-6D62-1ABAD88737C9}.Debug|x86.ActiveCfg = Debug|Any CPU
		{00025824-2837-EC06-6D62-1ABAD88737C9}.Debug|x86.Build.0 = Debug|Any CPU
		{00025824-2837-EC06-6D62-1ABAD88737C9}.Release|Any CPU.ActiveCfg = Release|Any CPU
		{00025824-2837-EC06-6D62-1ABAD88737C9}.Release|Any CPU.Build.0 = Release|Any CPU
		{00025824-2837-EC06-6D62-1ABAD88737C9}.Release|x64.ActiveCfg = Release|Any CPU
		{00025824-2837-EC06-6D62-1ABAD88737C9}.Release|x64.Build.0 = Release|Any CPU
		{00025824-2837-EC06-6D62-1ABAD88737C9}.Release|x86.ActiveCfg = Release|Any CPU
		{00025824-2837-EC06-6D62-1ABAD88737C9}.Release|x86.Build.0 = Release|Any CPU
		{5AF7AE17-723C-4346-A4DE-D5C8FC2A2CFC}.Debug|Any CPU.ActiveCfg = Debug|Any CPU
		{5AF7AE17-723C-4346-A4DE-D5C8FC2A2CFC}.Debug|Any CPU.Build.0 = Debug|Any CPU
		{5AF7AE17-723C-4346-A4DE-D5C8FC2A2CFC}.Debug|x64.ActiveCfg = Debug|Any CPU
		{5AF7AE17-723C-4346-A4DE-D5C8FC2A2CFC}.Debug|x64.Build.0 = Debug|Any CPU
		{5AF7AE17-723C-4346-A4DE-D5C8FC2A2CFC}.Debug|x86.ActiveCfg = Debug|Any CPU
		{5AF7AE17-723C-4346-A4DE-D5C8FC2A2CFC}.Debug|x86.Build.0 = Debug|Any CPU
		{5AF7AE17-723C-4346-A4DE-D5C8FC2A2CFC}.Release|Any CPU.ActiveCfg = Release|Any CPU
		{5AF7AE17-723C-4346-A4DE-D5C8FC2A2CFC}.Release|Any CPU.Build.0 = Release|Any CPU
		{5AF7AE17-723C-4346-A4DE-D5C8FC2A2CFC}.Release|x64.ActiveCfg = Release|Any CPU
		{5AF7AE17-723C-4346-A4DE-D5C8FC2A2CFC}.Release|x64.Build.0 = Release|Any CPU
		{5AF7AE17-723C-4346-A4DE-D5C8FC2A2CFC}.Release|x86.ActiveCfg = Release|Any CPU
		{5AF7AE17-723C-4346-A4DE-D5C8FC2A2CFC}.Release|x86.Build.0 = Release|Any CPU
	EndGlobalSection
	GlobalSection(SolutionProperties) = preSolution
		HideSolutionNode = FALSE
	EndGlobalSection
	GlobalSection(NestedProjects) = preSolution
		{5AF7AE17-723C-4346-A4DE-D5C8FC2A2CFC} = {0AB3BF05-4346-4AA6-1389-037BE0695223}
	EndGlobalSection
	GlobalSection(ExtensibilityGlobals) = postSolution
		SolutionGuid = {8B9D01C6-9B58-4EDA-BD25-E74D18CCBFB9}
	EndGlobalSection
EndGlobal
